
Microsoft Visual Studio Solution File, Format Version 12.00
# Visual Studio Version 16
VisualStudioVersion = 16.0.31112.23
MinimumVisualStudioVersion = 10.0.40219.1
Project("{FAE04EC0-301F-11D3-BF4B-00C04F79EFBC}") = "MyBlog CQRS", "MyBlog CQRS\MyBlog CQRS.csproj", "{F8D13C75-A9FD-48D4-B2AD-39F9147F7602}"
EndProject
Project("{FAE04EC0-301F-11D3-BF4B-00C04F79EFBC}") = "MyBlog.Data", "MyBlog.Data\MyBlog.Data.csproj", "{D94E0400-7AE8-4F21-B3A6-71444631E616}"
EndProject
Project("{FAE04EC0-301F-11D3-BF4B-00C04F79EFBC}") = "MyBlog.MediatR", "Repositories\MyBlog.MediatR.csproj", "{AE00AB1C-EEBA-4586-AB1F-CF8F6F50610A}"
EndProject
Global
	GlobalSection(SolutionConfigurationPlatforms) = preSolution
		Debug|Any CPU = Debug|Any CPU
		Release|Any CPU = Release|Any CPU
	EndGlobalSection
	GlobalSection(ProjectConfigurationPlatforms) = postSolution
		{F8D13C75-A9FD-48D4-B2AD-39F9147F7602}.Debug|Any CPU.ActiveCfg = Debug|Any CPU
		{F8D13C75-A9FD-48D4-B2AD-39F9147F7602}.Debug|Any CPU.Build.0 = Debug|Any CPU
		{F8D13C75-A9FD-48D4-B2AD-39F9147F7602}.Release|Any CPU.ActiveCfg = Release|Any CPU
		{F8D13C75-A9FD-48D4-B2AD-39F9147F7602}.Release|Any CPU.Build.0 = Release|Any CPU
		{D94E0400-7AE8-4F21-B3A6-71444631E616}.Debug|Any CPU.ActiveCfg = Debug|Any CPU
		{D94E0400-7AE8-4F21-B3A6-71444631E616}.Debug|Any CPU.Build.0 = Debug|Any CPU
		{D94E0400-7AE8-4F21-B3A6-71444631E616}.Release|Any CPU.ActiveCfg = Release|Any CPU
		{D94E0400-7AE8-4F21-B3A6-71444631E616}.Release|Any CPU.Build.0 = Release|Any CPU
		{AE00AB1C-EEBA-4586-AB1F-CF8F6F50610A}.Debug|Any CPU.ActiveCfg = Debug|Any CPU
		{AE00AB1C-EEBA-4586-AB1F-CF8F6F50610A}.Debug|Any CPU.Build.0 = Debug|Any CPU
		{AE00AB1C-EEBA-4586-AB1F-CF8F6F50610A}.Release|Any CPU.ActiveCfg = Release|Any CPU
		{AE00AB1C-EEBA-4586-AB1F-CF8F6F50610A}.Release|Any CPU.Build.0 = Release|Any CPU
	EndGlobalSection
	GlobalSection(SolutionProperties) = preSolution
		HideSolutionNode = FALSE
	EndGlobalSection
	GlobalSection(ExtensibilityGlobals) = postSolution
		SolutionGuid = {4622F184-751D-43BB-9077-A8C3F759A22F}
	EndGlobalSection
EndGlobal
